
Microsoft Visual Studio Solution File, Format Version 12.00
# Visual Studio 15
VisualStudioVersion = 15.0.28010.2003
MinimumVisualStudioVersion = 10.0.40219.1
Project("{FAE04EC0-301F-11D3-BF4B-00C04F79EFBC}") = "Assignment", "Assignment\Assignment.csproj", "{5F5830CE-1809-41BA-B7A7-FE1BB8C3A88F}"
EndProject
Project("{FAE04EC0-301F-11D3-BF4B-00C04F79EFBC}") = "Assignment.test", "Assignment.test\Assignment.test.csproj", "{96870AE6-F7D3-4C9B-9701-20F17FFB7FE6}"
EndProject
Global
	GlobalSection(SolutionConfigurationPlatforms) = preSolution
		Debug|Any CPU = Debug|Any CPU
		Release|Any CPU = Release|Any CPU
	EndGlobalSection
	GlobalSection(ProjectConfigurationPlatforms) = postSolution
		{5F5830CE-1809-41BA-B7A7-FE1BB8C3A88F}.Debug|Any CPU.ActiveCfg = Debug|Any CPU
		{5F5830CE-1809-41BA-B7A7-FE1BB8C3A88F}.Debug|Any CPU.Build.0 = Debug|Any CPU
		{5F5830CE-1809-41BA-B7A7-FE1BB8C3A88F}.Release|Any CPU.ActiveCfg = Release|Any CPU
		{5F5830CE-1809-41BA-B7A7-FE1BB8C3A88F}.Release|Any CPU.Build.0 = Release|Any CPU
		{96870AE6-F7D3-4C9B-9701-20F17FFB7FE6}.Debug|Any CPU.ActiveCfg = Debug|Any CPU
		{96870AE6-F7D3-4C9B-9701-20F17FFB7FE6}.Debug|Any CPU.Build.0 = Debug|Any CPU
		{96870AE6-F7D3-4C9B-9701-20F17FFB7FE6}.Release|Any CPU.ActiveCfg = Release|Any CPU
		{96870AE6-F7D3-4C9B-9701-20F17FFB7FE6}.Release|Any CPU.Build.0 = Release|Any CPU
	EndGlobalSection
	GlobalSection(SolutionProperties) = preSolution
		HideSolutionNode = FALSE
	EndGlobalSection
	GlobalSection(ExtensibilityGlobals) = postSolution
		SolutionGuid = {BD00560D-2360-408F-B294-B124DF9DD3B8}
	EndGlobalSection
EndGlobal
